{
  "version": 4,
  "terraform_version": "1.14.3",
  "serial": 15,
  "lineage": "b69fddf6-3fdc-ddcf-6cbb-babc910de827",
  "outputs": {},
  "resources": [
    {
      "mode": "managed",
      "type": "azurerm_resource_group",
      "name": "name",
      "provider": "provider[\"registry.terraform.io/hashicorp/azurerm\"]",
      "instances": [
        {
          "schema_version": 0,
          "attributes": {
            "id": "/subscriptions/0d4b2ec6-8a33-4693-994d-022fac93ecca/resourceGroups/rg-agripeweb",
            "location": "eastus",
            "managed_by": "",
            "name": "rg-agripeweb",
            "tags": null,
            "timeouts": null
          },
          "sensitive_attributes": [],
          "identity_schema_version": 0,
          "identity": {
            "name": "rg-agripeweb",
            "subscription_id": "0d4b2ec6-8a33-4693-994d-022fac93ecca"
          },
          "private": "eyJlMmJmYjczMC1lY2FhLTExZTYtOGY4OC0zNDM2M2JjN2M0YzAiOnsiY3JlYXRlIjo1NDAwMDAwMDAwMDAwLCJkZWxldGUiOjU0MDAwMDAwMDAwMDAsInJlYWQiOjMwMDAwMDAwMDAwMCwidXBkYXRlIjo1NDAwMDAwMDAwMDAwfX0="
        }
      ]
    }
  ],
  "check_results": null
}
