{
  "version": 4,
  "terraform_version": "1.14.5",
  "serial": 48,
  "lineage": "b69fddf6-3fdc-ddcf-6cbb-babc910de827",
  "outputs": {
    "acr_login_server": {
      "value": "agripewebacr19cba48c.azurecr.io",
      "type": "string"
    },
    "acr_name": {
      "value": "agripewebacr19cba48c",
      "type": "string"
    },
    "api_url": {
      "value": "https://agripeweb-api.azurewebsites.net",
      "type": "string"
    },
    "ui_url": {
      "value": "https://agripeweb-ui.azurewebsites.net",
      "type": "string"
    }
  },
  "resources": [
    {
      "mode": "managed",
      "type": "azurerm_container_registry",
      "name": "acr",
      "provider": "provider[\"registry.terraform.io/hashicorp/azurerm\"]",
      "instances": [
        {
          "schema_version": 2,
          "attributes": {
            "admin_enabled": true,
            "admin_password": "Dy53R8FSYnrvKbARzn3oeNwRVHf9bWCbcpyZtWqxfixXhgMsSznGJQQJ99CBACZoyfiEqg7NAAACAZCRHkll",
            "admin_username": "agripewebacr19cba48c",
            "anonymous_pull_enabled": false,
            "data_endpoint_enabled": false,
            "data_endpoint_host_names": [],
            "encryption": [],
            "export_policy_enabled": true,
            "georeplications": [],
            "id": "/subscriptions/0d4b2ec6-8a33-4693-994d-022fac93ecca/resourceGroups/rg-agripeweb/providers/Microsoft.ContainerRegistry/registries/agripewebacr19cba48c",
            "identity": [],
            "location": "brazilsouth",
            "login_server": "agripewebacr19cba48c.azurecr.io",
            "name": "agripewebacr19cba48c",
            "network_rule_bypass_option": "AzureServices",
            "network_rule_set": [],
            "public_network_access_enabled": true,
            "quarantine_policy_enabled": false,
            "resource_group_name": "rg-agripeweb",
            "retention_policy_in_days": 0,
            "sku": "Basic",
            "tags": null,
            "timeouts": null,
            "trust_policy_enabled": false,
            "zone_redundancy_enabled": false
          },
          "sensitive_attributes": [
            [
              {
                "type": "get_attr",
                "value": "admin_password"
              }
            ]
          ],
          "identity_schema_version": 0,
          "private": "eyJlMmJmYjczMC1lY2FhLTExZTYtOGY4OC0zNDM2M2JjN2M0YzAiOnsiY3JlYXRlIjoxODAwMDAwMDAwMDAwLCJkZWxldGUiOjE4MDAwMDAwMDAwMDAsInJlYWQiOjMwMDAwMDAwMDAwMCwidXBkYXRlIjoxODAwMDAwMDAwMDAwfSwic2NoZW1hX3ZlcnNpb24iOiIyIn0=",
          "dependencies": [
            "azurerm_resource_group.name",
            "random_id.acr_suffix"
          ]
        }
      ]
    },
    {
      "mode": "managed",
      "type": "azurerm_linux_web_app",
      "name": "api",
      "provider": "provider[\"registry.terraform.io/hashicorp/azurerm\"]",
      "instances": [
        {
          "schema_version": 1,
          "attributes": {
            "app_settings": {
              "WEBSITES_ENABLE_APP_SERVICE_STORAGE": "false",
              "WEBSITES_PORT": "8080"
            },
            "auth_settings": [
              {
                "active_directory": [],
                "additional_login_parameters": {},
                "allowed_external_redirect_urls": [],
                "default_provider": "",
                "enabled": false,
                "facebook": [],
                "github": [],
                "google": [],
                "issuer": "",
                "microsoft": [],
                "runtime_version": "",
                "token_refresh_extension_hours": 0,
                "token_store_enabled": false,
                "twitter": [],
                "unauthenticated_client_action": ""
              }
            ],
            "auth_settings_v2": [],
            "backup": [],
            "client_affinity_enabled": false,
            "client_certificate_enabled": false,
            "client_certificate_exclusion_paths": "",
            "client_certificate_mode": "Required",
            "connection_string": [],
            "custom_domain_verification_id": "43B21E54EAED94F5CDB54D99964058A036AF8E9C2C13B6B1442D114E69126D82",
            "default_hostname": "agripeweb-api.azurewebsites.net",
            "enabled": true,
            "ftp_publish_basic_authentication_enabled": true,
            "hosting_environment_id": "",
            "https_only": false,
            "id": "/subscriptions/0d4b2ec6-8a33-4693-994d-022fac93ecca/resourceGroups/rg-agripeweb/providers/Microsoft.Web/sites/agripeweb-api",
            "identity": [
              {
                "identity_ids": null,
                "principal_id": "075c66d2-083a-4b19-9e0d-61ebab816842",
                "tenant_id": "6e571638-bce8-45c6-b38f-9b49a3994cec",
                "type": "SystemAssigned"
              }
            ],
            "key_vault_reference_identity_id": "SystemAssigned",
            "kind": "app,linux,container",
            "location": "brazilsouth",
            "logs": [],
            "name": "agripeweb-api",
            "outbound_ip_address_list": [
              "191.232.74.208",
              "20.206.238.235",
              "191.232.65.136",
              "74.163.118.106",
              "4.238.165.202",
              "4.238.165.210",
              "20.206.169.207",
              "74.163.118.89",
              "20.206.236.16",
              "20.206.169.243",
              "74.163.118.91",
              "74.163.155.185",
              "191.235.228.38"
            ],
            "outbound_ip_addresses": "191.232.74.208,20.206.238.235,191.232.65.136,74.163.118.106,4.238.165.202,4.238.165.210,20.206.169.207,74.163.118.89,20.206.236.16,20.206.169.243,74.163.118.91,74.163.155.185,191.235.228.38",
            "possible_outbound_ip_address_list": [
              "191.232.74.208",
              "20.206.238.235",
              "191.232.65.136",
              "74.163.118.106",
              "4.238.165.202",
              "4.238.165.210",
              "20.206.169.207",
              "74.163.118.89",
              "20.206.236.16",
              "20.206.169.243",
              "74.163.118.91",
              "74.163.155.185",
              "20.206.226.155",
              "74.163.155.246",
              "20.206.226.167",
              "74.163.185.151",
              "20.206.237.0",
              "74.163.170.31",
              "74.163.156.21",
              "20.206.187.64",
              "20.206.171.164",
              "191.232.73.52",
              "20.206.220.97",
              "20.206.221.0",
              "191.232.75.38",
              "20.206.172.11",
              "74.163.160.60",
              "4.238.165.244",
              "74.163.160.144",
              "191.232.75.138",
              "191.235.228.38"
            ],
            "possible_outbound_ip_addresses": "191.232.74.208,20.206.238.235,191.232.65.136,74.163.118.106,4.238.165.202,4.238.165.210,20.206.169.207,74.163.118.89,20.206.236.16,20.206.169.243,74.163.118.91,74.163.155.185,20.206.226.155,74.163.155.246,20.206.226.167,74.163.185.151,20.206.237.0,74.163.170.31,74.163.156.21,20.206.187.64,20.206.171.164,191.232.73.52,20.206.220.97,20.206.221.0,191.232.75.38,20.206.172.11,74.163.160.60,4.238.165.244,74.163.160.144,191.232.75.138,191.235.228.38",
            "public_network_access_enabled": true,
            "resource_group_name": "rg-agripeweb",
            "service_plan_id": "/subscriptions/0d4b2ec6-8a33-4693-994d-022fac93ecca/resourceGroups/rg-agripeweb/providers/Microsoft.Web/serverFarms/agripe-app-service-plan",
            "site_config": [
              {
                "always_on": false,
                "api_definition_url": "",
                "api_management_api_id": "",
                "app_command_line": "",
                "application_stack": [
                  {
                    "docker_image_name": "agripeweb-api:latest",
                    "docker_registry_password": "",
                    "docker_registry_url": "https://agripewebacr19cba48c.azurecr.io",
                    "docker_registry_username": "",
                    "dotnet_version": "",
                    "go_version": "",
                    "java_server": "",
                    "java_server_version": "",
                    "java_version": "",
                    "node_version": "",
                    "php_version": "",
                    "python_version": "",
                    "ruby_version": ""
                  }
                ],
                "auto_heal_setting": [],
                "container_registry_managed_identity_client_id": "",
                "container_registry_use_managed_identity": true,
                "cors": [],
                "default_documents": [
                  "Default.htm",
                  "Default.html",
                  "Default.asp",
                  "index.htm",
                  "index.html",
                  "iisstart.htm",
                  "default.aspx",
                  "index.php",
                  "hostingstart.html"
                ],
                "detailed_error_logging_enabled": false,
                "ftps_state": "Disabled",
                "health_check_eviction_time_in_min": 0,
                "health_check_path": "",
                "http2_enabled": false,
                "ip_restriction": [],
                "ip_restriction_default_action": "Allow",
                "linux_fx_version": "DOCKER|agripewebacr19cba48c.azurecr.io/agripeweb-api:latest",
                "load_balancing_mode": "LeastRequests",
                "local_mysql_enabled": false,
                "managed_pipeline_mode": "Integrated",
                "minimum_tls_version": "1.2",
                "remote_debugging_enabled": false,
                "remote_debugging_version": "VS2022",
                "scm_ip_restriction": [],
                "scm_ip_restriction_default_action": "Allow",
                "scm_minimum_tls_version": "1.2",
                "scm_type": "None",
                "scm_use_main_ip_restriction": false,
                "use_32_bit_worker": true,
                "vnet_route_all_enabled": false,
                "websockets_enabled": false,
                "worker_count": 1
              }
            ],
            "site_credential": [
              {
                "name": "$agripeweb-api",
                "password": "sEsn3fDicqotX2dmreAvX4Ty61M0BNXaMmijNqkLJciAyGyLoSB8F5Wi528Z"
              }
            ],
            "sticky_settings": [],
            "storage_account": [],
            "tags": null,
            "timeouts": null,
            "virtual_network_backup_restore_enabled": false,
            "virtual_network_subnet_id": "",
            "vnet_image_pull_enabled": false,
            "webdeploy_publish_basic_authentication_enabled": true,
            "zip_deploy_file": ""
          },
          "sensitive_attributes": [
            [
              {
                "type": "get_attr",
                "value": "custom_domain_verification_id"
              }
            ],
            [
              {
                "type": "get_attr",
                "value": "site_config"
              },
              {
                "type": "index",
                "value": {
                  "value": 0,
                  "type": "number"
                }
              },
              {
                "type": "get_attr",
                "value": "application_stack"
              },
              {
                "type": "index",
                "value": {
                  "value": 0,
                  "type": "number"
                }
              },
              {
                "type": "get_attr",
                "value": "docker_registry_password"
              }
            ],
            [
              {
                "type": "get_attr",
                "value": "site_credential"
              }
            ]
          ],
          "identity_schema_version": 0,
          "private": "eyJlMmJmYjczMC1lY2FhLTExZTYtOGY4OC0zNDM2M2JjN2M0YzAiOnsiY3JlYXRlIjoxODAwMDAwMDAwMDAwLCJkZWxldGUiOjE4MDAwMDAwMDAwMDAsInJlYWQiOjMwMDAwMDAwMDAwMCwidXBkYXRlIjoxODAwMDAwMDAwMDAwfSwic2NoZW1hX3ZlcnNpb24iOiIxIn0=",
          "dependencies": [
            "azurerm_container_registry.acr",
            "azurerm_resource_group.name",
            "azurerm_service_plan.service_plan",
            "random_id.acr_suffix"
          ]
        }
      ]
    },
    {
      "mode": "managed",
      "type": "azurerm_linux_web_app",
      "name": "ui",
      "provider": "provider[\"registry.terraform.io/hashicorp/azurerm\"]",
      "instances": [
        {
          "schema_version": 1,
          "attributes": {
            "app_settings": {
              "API_BASE_URL": "https://agripeweb-api.azurewebsites.net",
              "WEBSITES_ENABLE_APP_SERVICE_STORAGE": "false",
              "WEBSITES_PORT": "80"
            },
            "auth_settings": [
              {
                "active_directory": [],
                "additional_login_parameters": {},
                "allowed_external_redirect_urls": [],
                "default_provider": "",
                "enabled": false,
                "facebook": [],
                "github": [],
                "google": [],
                "issuer": "",
                "microsoft": [],
                "runtime_version": "",
                "token_refresh_extension_hours": 0,
                "token_store_enabled": false,
                "twitter": [],
                "unauthenticated_client_action": ""
              }
            ],
            "auth_settings_v2": [],
            "backup": [],
            "client_affinity_enabled": false,
            "client_certificate_enabled": false,
            "client_certificate_exclusion_paths": "",
            "client_certificate_mode": "Required",
            "connection_string": [],
            "custom_domain_verification_id": "43B21E54EAED94F5CDB54D99964058A036AF8E9C2C13B6B1442D114E69126D82",
            "default_hostname": "agripeweb-ui.azurewebsites.net",
            "enabled": true,
            "ftp_publish_basic_authentication_enabled": true,
            "hosting_environment_id": "",
            "https_only": false,
            "id": "/subscriptions/0d4b2ec6-8a33-4693-994d-022fac93ecca/resourceGroups/rg-agripeweb/providers/Microsoft.Web/sites/agripeweb-ui",
            "identity": [
              {
                "identity_ids": null,
                "principal_id": "a6fd06ad-34f3-444d-b15d-48a4508e443c",
                "tenant_id": "6e571638-bce8-45c6-b38f-9b49a3994cec",
                "type": "SystemAssigned"
              }
            ],
            "key_vault_reference_identity_id": "SystemAssigned",
            "kind": "app,linux,container",
            "location": "brazilsouth",
            "logs": [],
            "name": "agripeweb-ui",
            "outbound_ip_address_list": [
              "191.232.74.208",
              "20.206.238.235",
              "191.232.65.136",
              "74.163.118.106",
              "4.238.165.202",
              "4.238.165.210",
              "20.206.169.207",
              "74.163.118.89",
              "20.206.236.16",
              "20.206.169.243",
              "74.163.118.91",
              "74.163.155.185",
              "191.235.228.38"
            ],
            "outbound_ip_addresses": "191.232.74.208,20.206.238.235,191.232.65.136,74.163.118.106,4.238.165.202,4.238.165.210,20.206.169.207,74.163.118.89,20.206.236.16,20.206.169.243,74.163.118.91,74.163.155.185,191.235.228.38",
            "possible_outbound_ip_address_list": [
              "191.232.74.208",
              "20.206.238.235",
              "191.232.65.136",
              "74.163.118.106",
              "4.238.165.202",
              "4.238.165.210",
              "20.206.169.207",
              "74.163.118.89",
              "20.206.236.16",
              "20.206.169.243",
              "74.163.118.91",
              "74.163.155.185",
              "20.206.226.155",
              "74.163.155.246",
              "20.206.226.167",
              "74.163.185.151",
              "20.206.237.0",
              "74.163.170.31",
              "74.163.156.21",
              "20.206.187.64",
              "20.206.171.164",
              "191.232.73.52",
              "20.206.220.97",
              "20.206.221.0",
              "191.232.75.38",
              "20.206.172.11",
              "74.163.160.60",
              "4.238.165.244",
              "74.163.160.144",
              "191.232.75.138",
              "191.235.228.38"
            ],
            "possible_outbound_ip_addresses": "191.232.74.208,20.206.238.235,191.232.65.136,74.163.118.106,4.238.165.202,4.238.165.210,20.206.169.207,74.163.118.89,20.206.236.16,20.206.169.243,74.163.118.91,74.163.155.185,20.206.226.155,74.163.155.246,20.206.226.167,74.163.185.151,20.206.237.0,74.163.170.31,74.163.156.21,20.206.187.64,20.206.171.164,191.232.73.52,20.206.220.97,20.206.221.0,191.232.75.38,20.206.172.11,74.163.160.60,4.238.165.244,74.163.160.144,191.232.75.138,191.235.228.38",
            "public_network_access_enabled": true,
            "resource_group_name": "rg-agripeweb",
            "service_plan_id": "/subscriptions/0d4b2ec6-8a33-4693-994d-022fac93ecca/resourceGroups/rg-agripeweb/providers/Microsoft.Web/serverFarms/agripe-app-service-plan",
            "site_config": [
              {
                "always_on": false,
                "api_definition_url": "",
                "api_management_api_id": "",
                "app_command_line": "",
                "application_stack": [
                  {
                    "docker_image_name": "agripeweb-ui:latest",
                    "docker_registry_password": "",
                    "docker_registry_url": "https://agripewebacr19cba48c.azurecr.io",
                    "docker_registry_username": "",
                    "dotnet_version": "",
                    "go_version": "",
                    "java_server": "",
                    "java_server_version": "",
                    "java_version": "",
                    "node_version": "",
                    "php_version": "",
                    "python_version": "",
                    "ruby_version": ""
                  }
                ],
                "auto_heal_setting": [],
                "container_registry_managed_identity_client_id": "",
                "container_registry_use_managed_identity": true,
                "cors": [],
                "default_documents": [
                  "Default.htm",
                  "Default.html",
                  "Default.asp",
                  "index.htm",
                  "index.html",
                  "iisstart.htm",
                  "default.aspx",
                  "index.php",
                  "hostingstart.html"
                ],
                "detailed_error_logging_enabled": false,
                "ftps_state": "Disabled",
                "health_check_eviction_time_in_min": 0,
                "health_check_path": "",
                "http2_enabled": false,
                "ip_restriction": [],
                "ip_restriction_default_action": "Allow",
                "linux_fx_version": "DOCKER|agripewebacr19cba48c.azurecr.io/agripeweb-ui:latest",
                "load_balancing_mode": "LeastRequests",
                "local_mysql_enabled": false,
                "managed_pipeline_mode": "Integrated",
                "minimum_tls_version": "1.2",
                "remote_debugging_enabled": false,
                "remote_debugging_version": "VS2022",
                "scm_ip_restriction": [],
                "scm_ip_restriction_default_action": "Allow",
                "scm_minimum_tls_version": "1.2",
                "scm_type": "None",
                "scm_use_main_ip_restriction": false,
                "use_32_bit_worker": true,
                "vnet_route_all_enabled": false,
                "websockets_enabled": false,
                "worker_count": 1
              }
            ],
            "site_credential": [
              {
                "name": "$agripeweb-ui",
                "password": "db2Dved7Pl43tSvbtGz9Yxn8SRpXcf6f4lD1H2fDhaBPG4x1x2W5uRlZYMPy"
              }
            ],
            "sticky_settings": [],
            "storage_account": [],
            "tags": null,
            "timeouts": null,
            "virtual_network_backup_restore_enabled": false,
            "virtual_network_subnet_id": "",
            "vnet_image_pull_enabled": false,
            "webdeploy_publish_basic_authentication_enabled": true,
            "zip_deploy_file": ""
          },
          "sensitive_attributes": [
            [
              {
                "type": "get_attr",
                "value": "custom_domain_verification_id"
              }
            ],
            [
              {
                "type": "get_attr",
                "value": "site_config"
              },
              {
                "type": "index",
                "value": {
                  "value": 0,
                  "type": "number"
                }
              },
              {
                "type": "get_attr",
                "value": "application_stack"
              },
              {
                "type": "index",
                "value": {
                  "value": 0,
                  "type": "number"
                }
              },
              {
                "type": "get_attr",
                "value": "docker_registry_password"
              }
            ],
            [
              {
                "type": "get_attr",
                "value": "site_credential"
              }
            ]
          ],
          "identity_schema_version": 0,
          "private": "eyJlMmJmYjczMC1lY2FhLTExZTYtOGY4OC0zNDM2M2JjN2M0YzAiOnsiY3JlYXRlIjoxODAwMDAwMDAwMDAwLCJkZWxldGUiOjE4MDAwMDAwMDAwMDAsInJlYWQiOjMwMDAwMDAwMDAwMCwidXBkYXRlIjoxODAwMDAwMDAwMDAwfSwic2NoZW1hX3ZlcnNpb24iOiIxIn0=",
          "dependencies": [
            "azurerm_container_registry.acr",
            "azurerm_resource_group.name",
            "azurerm_service_plan.service_plan",
            "random_id.acr_suffix"
          ]
        }
      ]
    },
    {
      "mode": "managed",
      "type": "azurerm_resource_group",
      "name": "name",
      "provider": "provider[\"registry.terraform.io/hashicorp/azurerm\"]",
      "instances": [
        {
          "schema_version": 0,
          "attributes": {
            "id": "/subscriptions/0d4b2ec6-8a33-4693-994d-022fac93ecca/resourceGroups/rg-agripeweb",
            "location": "brazilsouth",
            "managed_by": "",
            "name": "rg-agripeweb",
            "tags": null,
            "timeouts": null
          },
          "sensitive_attributes": [],
          "identity_schema_version": 0,
          "identity": {
            "name": "rg-agripeweb",
            "subscription_id": "0d4b2ec6-8a33-4693-994d-022fac93ecca"
          },
          "private": "eyJlMmJmYjczMC1lY2FhLTExZTYtOGY4OC0zNDM2M2JjN2M0YzAiOnsiY3JlYXRlIjo1NDAwMDAwMDAwMDAwLCJkZWxldGUiOjU0MDAwMDAwMDAwMDAsInJlYWQiOjMwMDAwMDAwMDAwMCwidXBkYXRlIjo1NDAwMDAwMDAwMDAwfX0="
        }
      ]
    },
    {
      "mode": "managed",
      "type": "azurerm_role_assignment",
      "name": "api_acr_pull",
      "provider": "provider[\"registry.terraform.io/hashicorp/azurerm\"]",
      "instances": [
        {
          "schema_version": 0,
          "attributes": {
            "condition": "",
            "condition_version": "",
            "delegated_managed_identity_resource_id": "",
            "description": "",
            "id": "/subscriptions/0d4b2ec6-8a33-4693-994d-022fac93ecca/resourceGroups/rg-agripeweb/providers/Microsoft.ContainerRegistry/registries/agripewebacr19cba48c/providers/Microsoft.Authorization/roleAssignments/c2056ad7-a7db-f4d7-a538-66e024e29b53",
            "name": "c2056ad7-a7db-f4d7-a538-66e024e29b53",
            "principal_id": "075c66d2-083a-4b19-9e0d-61ebab816842",
            "principal_type": "ServicePrincipal",
            "role_definition_id": "/subscriptions/0d4b2ec6-8a33-4693-994d-022fac93ecca/providers/Microsoft.Authorization/roleDefinitions/7f951dda-4ed3-4680-a7ca-43fe172d538d",
            "role_definition_name": "AcrPull",
            "scope": "/subscriptions/0d4b2ec6-8a33-4693-994d-022fac93ecca/resourceGroups/rg-agripeweb/providers/Microsoft.ContainerRegistry/registries/agripewebacr19cba48c",
            "skip_service_principal_aad_check": null,
            "timeouts": null
          },
          "sensitive_attributes": [],
          "identity_schema_version": 0,
          "private": "eyJlMmJmYjczMC1lY2FhLTExZTYtOGY4OC0zNDM2M2JjN2M0YzAiOnsiY3JlYXRlIjoxODAwMDAwMDAwMDAwLCJkZWxldGUiOjE4MDAwMDAwMDAwMDAsInJlYWQiOjMwMDAwMDAwMDAwMH19",
          "dependencies": [
            "azurerm_container_registry.acr",
            "azurerm_linux_web_app.api",
            "azurerm_resource_group.name",
            "azurerm_service_plan.service_plan",
            "random_id.acr_suffix"
          ]
        }
      ]
    },
    {
      "mode": "managed",
      "type": "azurerm_role_assignment",
      "name": "ui_acr_pull",
      "provider": "provider[\"registry.terraform.io/hashicorp/azurerm\"]",
      "instances": [
        {
          "schema_version": 0,
          "attributes": {
            "condition": "",
            "condition_version": "",
            "delegated_managed_identity_resource_id": "",
            "description": "",
            "id": "/subscriptions/0d4b2ec6-8a33-4693-994d-022fac93ecca/resourceGroups/rg-agripeweb/providers/Microsoft.ContainerRegistry/registries/agripewebacr19cba48c/providers/Microsoft.Authorization/roleAssignments/cea9dcc5-a636-b4ba-3eac-0947b590925b",
            "name": "cea9dcc5-a636-b4ba-3eac-0947b590925b",
            "principal_id": "a6fd06ad-34f3-444d-b15d-48a4508e443c",
            "principal_type": "ServicePrincipal",
            "role_definition_id": "/subscriptions/0d4b2ec6-8a33-4693-994d-022fac93ecca/providers/Microsoft.Authorization/roleDefinitions/7f951dda-4ed3-4680-a7ca-43fe172d538d",
            "role_definition_name": "AcrPull",
            "scope": "/subscriptions/0d4b2ec6-8a33-4693-994d-022fac93ecca/resourceGroups/rg-agripeweb/providers/Microsoft.ContainerRegistry/registries/agripewebacr19cba48c",
            "skip_service_principal_aad_check": null,
            "timeouts": null
          },
          "sensitive_attributes": [],
          "identity_schema_version": 0,
          "private": "eyJlMmJmYjczMC1lY2FhLTExZTYtOGY4OC0zNDM2M2JjN2M0YzAiOnsiY3JlYXRlIjoxODAwMDAwMDAwMDAwLCJkZWxldGUiOjE4MDAwMDAwMDAwMDAsInJlYWQiOjMwMDAwMDAwMDAwMH19",
          "dependencies": [
            "azurerm_container_registry.acr",
            "azurerm_linux_web_app.ui",
            "azurerm_resource_group.name",
            "azurerm_service_plan.service_plan",
            "random_id.acr_suffix"
          ]
        }
      ]
    },
    {
      "mode": "managed",
      "type": "azurerm_service_plan",
      "name": "service_plan",
      "provider": "provider[\"registry.terraform.io/hashicorp/azurerm\"]",
      "instances": [
        {
          "schema_version": 1,
          "attributes": {
            "app_service_environment_id": "",
            "id": "/subscriptions/0d4b2ec6-8a33-4693-994d-022fac93ecca/resourceGroups/rg-agripeweb/providers/Microsoft.Web/serverFarms/agripe-app-service-plan",
            "kind": "linux",
            "location": "brazilsouth",
            "maximum_elastic_worker_count": 1,
            "name": "agripe-app-service-plan",
            "os_type": "Linux",
            "per_site_scaling_enabled": false,
            "premium_plan_auto_scale_enabled": false,
            "reserved": true,
            "resource_group_name": "rg-agripeweb",
            "sku_name": "B1",
            "tags": null,
            "timeouts": null,
            "worker_count": 1,
            "zone_balancing_enabled": false
          },
          "sensitive_attributes": [],
          "identity_schema_version": 0,
          "private": "eyJlMmJmYjczMC1lY2FhLTExZTYtOGY4OC0zNDM2M2JjN2M0YzAiOnsiY3JlYXRlIjozNjAwMDAwMDAwMDAwLCJkZWxldGUiOjM2MDAwMDAwMDAwMDAsInJlYWQiOjMwMDAwMDAwMDAwMCwidXBkYXRlIjozNjAwMDAwMDAwMDAwfSwic2NoZW1hX3ZlcnNpb24iOiIxIn0=",
          "dependencies": [
            "azurerm_resource_group.name"
          ]
        }
      ]
    },
    {
      "mode": "managed",
      "type": "random_id",
      "name": "acr_suffix",
      "provider": "provider[\"registry.terraform.io/hashicorp/random\"]",
      "instances": [
        {
          "schema_version": 0,
          "attributes": {
            "b64_std": "GcukjA==",
            "b64_url": "GcukjA",
            "byte_length": 4,
            "dec": "432776332",
            "hex": "19cba48c",
            "id": "GcukjA",
            "keepers": null,
            "prefix": null
          },
          "sensitive_attributes": [],
          "identity_schema_version": 0
        }
      ]
    }
  ],
  "check_results": null
}
